
Microsoft Visual Studio Solution File, Format Version 12.00
# Visual Studio Version 16
VisualStudioVersion = 16.0.31005.135
MinimumVisualStudioVersion = 10.0.40219.1
Project("{FAE04EC0-301F-11D3-BF4B-00C04F79EFBC}") = "MasterPlox", "MasterPlox\MasterPlox.csproj", "{C8E211FD-1176-434C-8B9C-3FBE7069E40E}"
EndProject
Project("{FAE04EC0-301F-11D3-BF4B-00C04F79EFBC}") = "MasterPlox.DAL", "MasterPlox.DAL\MasterPlox.DAL.csproj", "{201018A6-10BB-427E-825D-63B2CB7A2A98}"
EndProject
Global
	GlobalSection(SolutionConfigurationPlatforms) = preSolution
		Debug|Any CPU = Debug|Any CPU
		Release|Any CPU = Release|Any CPU
	EndGlobalSection
	GlobalSection(ProjectConfigurationPlatforms) = postSolution
		{C8E211FD-1176-434C-8B9C-3FBE7069E40E}.Debug|Any CPU.ActiveCfg = Debug|Any CPU
		{C8E211FD-1176-434C-8B9C-3FBE7069E40E}.Debug|Any CPU.Build.0 = Debug|Any CPU
		{C8E211FD-1176-434C-8B9C-3FBE7069E40E}.Release|Any CPU.ActiveCfg = Release|Any CPU
		{C8E211FD-1176-434C-8B9C-3FBE7069E40E}.Release|Any CPU.Build.0 = Release|Any CPU
		{201018A6-10BB-427E-825D-63B2CB7A2A98}.Debug|Any CPU.ActiveCfg = Debug|Any CPU
		{201018A6-10BB-427E-825D-63B2CB7A2A98}.Debug|Any CPU.Build.0 = Debug|Any CPU
		{201018A6-10BB-427E-825D-63B2CB7A2A98}.Release|Any CPU.ActiveCfg = Release|Any CPU
		{201018A6-10BB-427E-825D-63B2CB7A2A98}.Release|Any CPU.Build.0 = Release|Any CPU
	EndGlobalSection
	GlobalSection(SolutionProperties) = preSolution
		HideSolutionNode = FALSE
	EndGlobalSection
	GlobalSection(ExtensibilityGlobals) = postSolution
		SolutionGuid = {5F5349DA-D200-4AFF-A6BC-9A15891CF516}
	EndGlobalSection
EndGlobal
